
Microsoft Visual Studio Solution File, Format Version 12.00
# Visual Studio 15
VisualStudioVersion = 15.0.28010.2036
MinimumVisualStudioVersion = 10.0.40219.1
Project("{FAE04EC0-301F-11D3-BF4B-00C04F79EFBC}") = "XunitTestExamples", "XunitTestExamples\XunitTestExamples.csproj", "{49A9FDCC-3C7C-438F-85B8-EA5759480608}"
EndProject
Global
	GlobalSection(SolutionConfigurationPlatforms) = preSolution
		Debug|Any CPU = Debug|Any CPU
		Release|Any CPU = Release|Any CPU
	EndGlobalSection
	GlobalSection(ProjectConfigurationPlatforms) = postSolution
		{49A9FDCC-3C7C-438F-85B8-EA5759480608}.Debug|Any CPU.ActiveCfg = Debug|Any CPU
		{49A9FDCC-3C7C-438F-85B8-EA5759480608}.Debug|Any CPU.Build.0 = Debug|Any CPU
		{49A9FDCC-3C7C-438F-85B8-EA5759480608}.Release|Any CPU.ActiveCfg = Release|Any CPU
		{49A9FDCC-3C7C-438F-85B8-EA5759480608}.Release|Any CPU.Build.0 = Release|Any CPU
	EndGlobalSection
	GlobalSection(SolutionProperties) = preSolution
		HideSolutionNode = FALSE
	EndGlobalSection
	GlobalSection(ExtensibilityGlobals) = postSolution
		SolutionGuid = {C2E0C0C8-8299-4333-8B2F-C40A410E4F49}
	EndGlobalSection
EndGlobal
